
Microsoft Visual Studio Solution File, Format Version 12.00
# Visual Studio 2013
VisualStudioVersion = 12.0.40629.0
MinimumVisualStudioVersion = 10.0.40219.1
Project("{FAE04EC0-301F-11D3-BF4B-00C04F79EFBC}") = "ExamenMaritimaDominicana", "ExamenMaritimaDominicana\ExamenMaritimaDominicana.csproj", "{DFC2D9D0-F6DF-4A50-B260-147DC7AABD8D}"
EndProject
Global
	GlobalSection(SolutionConfigurationPlatforms) = preSolution
		Debug|Any CPU = Debug|Any CPU
		Release|Any CPU = Release|Any CPU
	EndGlobalSection
	GlobalSection(ProjectConfigurationPlatforms) = postSolution
		{DFC2D9D0-F6DF-4A50-B260-147DC7AABD8D}.Debug|Any CPU.ActiveCfg = Debug|Any CPU
		{DFC2D9D0-F6DF-4A50-B260-147DC7AABD8D}.Debug|Any CPU.Build.0 = Debug|Any CPU
		{DFC2D9D0-F6DF-4A50-B260-147DC7AABD8D}.Release|Any CPU.ActiveCfg = Release|Any CPU
		{DFC2D9D0-F6DF-4A50-B260-147DC7AABD8D}.Release|Any CPU.Build.0 = Release|Any CPU
	EndGlobalSection
	GlobalSection(SolutionProperties) = preSolution
		HideSolutionNode = FALSE
	EndGlobalSection
EndGlobal
